
Microsoft Visual Studio Solution File, Format Version 12.00
# Visual Studio Version 16
VisualStudioVersion = 25.0.1706.14
MinimumVisualStudioVersion = 10.0.40219.1
Project("{FAE04EC0-301F-11D3-BF4B-00C04F79EFBC}") = "JobPrepAPI", "JobPrepAPI.csproj", "{7FD6C4AC-6AC8-4542-8B42-1DA2084ECA9E}"
EndProject
Project("{E53339B2-1760-4266-BCC7-CA923CBCF16C}") = "docker-compose", "docker-compose.dcproj", "{7D3CC92E-9E53-407D-BA66-2268ED716854}"
EndProject
Global
	GlobalSection(SolutionConfigurationPlatforms) = preSolution
		Debug|Any CPU = Debug|Any CPU
		Release|Any CPU = Release|Any CPU
	EndGlobalSection
	GlobalSection(ProjectConfigurationPlatforms) = postSolution
		{7FD6C4AC-6AC8-4542-8B42-1DA2084ECA9E}.Debug|Any CPU.ActiveCfg = Debug|Any CPU
		{7FD6C4AC-6AC8-4542-8B42-1DA2084ECA9E}.Debug|Any CPU.Build.0 = Debug|Any CPU
		{7FD6C4AC-6AC8-4542-8B42-1DA2084ECA9E}.Release|Any CPU.ActiveCfg = Release|Any CPU
		{7FD6C4AC-6AC8-4542-8B42-1DA2084ECA9E}.Release|Any CPU.Build.0 = Release|Any CPU
		{7D3CC92E-9E53-407D-BA66-2268ED716854}.Debug|Any CPU.ActiveCfg = Debug|Any CPU
		{7D3CC92E-9E53-407D-BA66-2268ED716854}.Debug|Any CPU.Build.0 = Debug|Any CPU
		{7D3CC92E-9E53-407D-BA66-2268ED716854}.Release|Any CPU.ActiveCfg = Release|Any CPU
		{7D3CC92E-9E53-407D-BA66-2268ED716854}.Release|Any CPU.Build.0 = Release|Any CPU
	EndGlobalSection
	GlobalSection(SolutionProperties) = preSolution
		HideSolutionNode = FALSE
	EndGlobalSection
	GlobalSection(ExtensibilityGlobals) = postSolution
		SolutionGuid = {39A856CA-72B3-434D-B3B7-CB32D1F7C784}
	EndGlobalSection
EndGlobal
